# This file is automatically @generated by Cargo.
# It is not intended for manual editing.
version = 4

[[package]]
name = "cc"
version = "1.4.0"
source = "registry+https://github.com/rust-lang/crates.io-index"
checksum = "5add81bb678e6cb321aff7fa0dc7689ad82b112dbc032cea19f91d6b8e3582b9"
dependencies = [
 "find-msvc-tools",
 "shlex",
]

[[package]]
name = "find-msvc-tools"
version = "0.1.9"
source = "registry+https://github.com/rust-lang/crates.io-index"
checksum = "5baebc0774151f905a1a2cc41989300b1e6fbb29aff0ceffa1064fdd3088d582"

[[package]]
name = "iced-x86"
version = "1.21.0"
source = "registry+https://github.com/rust-lang/crates.io-index"
checksum = "7c447cff8c7f384a7d4f741cfcff32f75f3ad02b406432e8d6c878d56b1edf6b"
dependencies = [
 "lazy_static",
]

[[package]]
name = "lazy_static"
version = "1.5.0"
source = "registry+https://github.com/rust-lang/crates.io-index"
checksum = "bbd2bcb4c963f2ddae06a2efc7e9f3591312473c50c6685e1f298068316e66fe"

[[package]]
name = "minhook-sys"
version = "0.1.1"
source = "registry+https://github.com/rust-lang/crates.io-index"
checksum = "dd5e3d769f50ac2ec0cbd86ec241d9aa219a080a74c0287ce781f46a8900fa18"
dependencies = [
 "cc",
]

[[package]]
name = "shlex"
version = "2.0.1"
source = "registry+https://github.com/rust-lang/crates.io-index"
checksum = "f8fadd59c855ef2080decdef8ff161eb6661b86933c9d82e5ba29dc602a55aba"

[[package]]
name = "steam-input-gate"
version = "0.1.0"
dependencies = [
 "minhook-sys",
 "steam-input-lease-core",
 "steam-input-recovery",
 "windows-sys",
]

[[package]]
name = "steam-input-lease"
version = "0.1.0"
dependencies = [
 "steam-input-lease-core",
 "steam-input-recovery",
 "windows-sys",
]

[[package]]
name = "steam-input-lease-cli"
version = "0.1.0"
dependencies = [
 "steam-input-lease",
]

[[package]]
name = "steam-input-lease-core"
version = "0.1.0"

[[package]]
name = "steam-input-lease-ffi"
version = "0.1.0"
dependencies = [
 "steam-input-lease",
]

[[package]]
name = "steam-input-recovery"
version = "0.1.0"
dependencies = [
 "iced-x86",
]

[[package]]
name = "steam-input-test-target"
version = "0.1.0"
dependencies = [
 "windows-sys",
]

[[package]]
name = "windows-link"
version = "0.2.1"
source = "registry+https://github.com/rust-lang/crates.io-index"
checksum = "f0805222e57f7521d6a62e36fa9163bc891acd422f971defe97d64e70d0a4fe5"

[[package]]
name = "windows-sys"
version = "0.61.2"
source = "registry+https://github.com/rust-lang/crates.io-index"
checksum = "ae137229bcbd6cdf0f7b80a31df61766145077ddf49416a728b02cb3921ff3fc"
dependencies = [
 "windows-link",
]
